{
  "name": "server",
  "version": "1.0.0",
  "lockfileVersion": 3,
  "requires": true,
  "packages": {
    "": {
      "name": "server",
      "version": "1.0.0",
      "license": "ISC",
      "dependencies": {
        "node_module": "^0.0.0"
      }
    },
    "node_modules/node_module": {
      "version": "0.0.0",
      "resolved": "https://registry.npmjs.org/node_module/-/node_module-0.0.0.tgz",
      "integrity": "sha512-N7TDRKudPzT9vQm3Y0lGAkt1BsWF6i/AFSi/imzD19HKuAOed0GDipTovAf7PBmHXDF7ULS46M/6Sru/htfLWQ=="
    }
  }
}
